
Microsoft Visual Studio Solution File, Format Version 12.00
# Visual Studio Version 17
VisualStudioVersion = 17.0.32112.339
MinimumVisualStudioVersion = 10.0.40219.1
Project("{FAE04EC0-301F-11D3-BF4B-00C04F79EFBC}") = "DecidioTestExcersice", "DecidioTestExcersice.csproj", "{8CA8D222-D010-4F2D-ACF2-57466234B4AE}"
EndProject
Global
	GlobalSection(SolutionConfigurationPlatforms) = preSolution
		Debug|Any CPU = Debug|Any CPU
		Release|Any CPU = Release|Any CPU
	EndGlobalSection
	GlobalSection(ProjectConfigurationPlatforms) = postSolution
		{8CA8D222-D010-4F2D-ACF2-57466234B4AE}.Debug|Any CPU.ActiveCfg = Debug|Any CPU
		{8CA8D222-D010-4F2D-ACF2-57466234B4AE}.Debug|Any CPU.Build.0 = Debug|Any CPU
		{8CA8D222-D010-4F2D-ACF2-57466234B4AE}.Release|Any CPU.ActiveCfg = Release|Any CPU
		{8CA8D222-D010-4F2D-ACF2-57466234B4AE}.Release|Any CPU.Build.0 = Release|Any CPU
	EndGlobalSection
	GlobalSection(SolutionProperties) = preSolution
		HideSolutionNode = FALSE
	EndGlobalSection
	GlobalSection(ExtensibilityGlobals) = postSolution
		SolutionGuid = {EFCB380F-F479-4101-902F-76073654E354}
	EndGlobalSection
EndGlobal
